
Microsoft Visual Studio Solution File, Format Version 12.00
# Visual Studio Version 17
VisualStudioVersion = 17.4.33103.184
MinimumVisualStudioVersion = 10.0.40219.1
Project("{9A19103F-16F7-4668-BE54-9A1E7A4F7556}") = "OriginalCircuit.AltiumSharp", "AltiumSharp\OriginalCircuit.AltiumSharp.csproj", "{56CE96A8-5463-44DA-89C6-7F30C37BC946}"
EndProject
Project("{FAE04EC0-301F-11D3-BF4B-00C04F79EFBC}") = "LibraryViewer", "LibraryViewer\LibraryViewer.csproj", "{42247288-AFC2-4590-80CA-702468B40CE4}"
EndProject
Global
	GlobalSection(SolutionConfigurationPlatforms) = preSolution
		Debug|Any CPU = Debug|Any CPU
		Release|Any CPU = Release|Any CPU
	EndGlobalSection
	GlobalSection(ProjectConfigurationPlatforms) = postSolution
		{56CE96A8-5463-44DA-89C6-7F30C37BC946}.Debug|Any CPU.ActiveCfg = Debug|Any CPU
		{56CE96A8-5463-44DA-89C6-7F30C37BC946}.Debug|Any CPU.Build.0 = Debug|Any CPU
		{56CE96A8-5463-44DA-89C6-7F30C37BC946}.Release|Any CPU.ActiveCfg = Release|Any CPU
		{56CE96A8-5463-44DA-89C6-7F30C37BC946}.Release|Any CPU.Build.0 = Release|Any CPU
		{42247288-AFC2-4590-80CA-702468B40CE4}.Debug|Any CPU.ActiveCfg = Debug|Any CPU
		{42247288-AFC2-4590-80CA-702468B40CE4}.Debug|Any CPU.Build.0 = Debug|Any CPU
		{42247288-AFC2-4590-80CA-702468B40CE4}.Release|Any CPU.ActiveCfg = Release|Any CPU
		{42247288-AFC2-4590-80CA-702468B40CE4}.Release|Any CPU.Build.0 = Release|Any CPU
	EndGlobalSection
	GlobalSection(SolutionProperties) = preSolution
		HideSolutionNode = FALSE
	EndGlobalSection
	GlobalSection(ExtensibilityGlobals) = postSolution
		SolutionGuid = {3050039D-3F3C-4F17-9649-E6CA9AEB0E2B}
	EndGlobalSection
EndGlobal
