
Microsoft Visual Studio Solution File, Format Version 12.00
# Visual Studio Version 17
VisualStudioVersion = 17.0.31903.59
MinimumVisualStudioVersion = 10.0.40219.1
Project("{2150E333-8FDC-42A3-9474-1A3956D46DE8}") = "src", "src", "{827E0CD3-B72D-47B6-A68D-7590B98EB39B}"
EndProject
Project("{FAE04EC0-301F-11D3-BF4B-00C04F79EFBC}") = "OriginalCircuit.Altium", "src\OriginalCircuit.Altium\OriginalCircuit.Altium.csproj", "{5BE4ADA6-E8D4-475D-ADF8-1D8B8A6E99B5}"
EndProject
Project("{FAE04EC0-301F-11D3-BF4B-00C04F79EFBC}") = "OriginalCircuit.Altium.Generators", "src\OriginalCircuit.Altium.Generators\OriginalCircuit.Altium.Generators.csproj", "{FB9F0530-B692-41D5-B896-4536230D09CB}"
EndProject
Project("{FAE04EC0-301F-11D3-BF4B-00C04F79EFBC}") = "OriginalCircuit.Altium.Rendering.Core", "src\OriginalCircuit.Altium.Rendering.Core\OriginalCircuit.Altium.Rendering.Core.csproj", "{A882EB4F-B7DF-4ABD-894F-296F96F0591F}"
EndProject
Project("{FAE04EC0-301F-11D3-BF4B-00C04F79EFBC}") = "OriginalCircuit.Altium.Rendering.Raster", "src\OriginalCircuit.Altium.Rendering.Raster\OriginalCircuit.Altium.Rendering.Raster.csproj", "{DEBE60EB-0A98-4D8C-8998-1900671A5123}"
EndProject
Project("{FAE04EC0-301F-11D3-BF4B-00C04F79EFBC}") = "OriginalCircuit.Altium.Rendering.Svg", "src\OriginalCircuit.Altium.Rendering.Svg\OriginalCircuit.Altium.Rendering.Svg.csproj", "{B400EFC6-8BC2-4112-B128-12DB27F0F8D0}"
EndProject
Project("{2150E333-8FDC-42A3-9474-1A3956D46DE8}") = "tests", "tests", "{0AB3BF05-4346-4AA6-1389-037BE0695223}"
EndProject
Project("{FAE04EC0-301F-11D3-BF4B-00C04F79EFBC}") = "OriginalCircuit.Altium.Tests", "tests\OriginalCircuit.Altium.Tests\OriginalCircuit.Altium.Tests.csproj", "{E26AA722-FA70-49AC-96AA-6B119A386921}"
EndProject
Project("{FAE04EC0-301F-11D3-BF4B-00C04F79EFBC}") = "OriginalCircuit.Altium.Benchmarks", "tests\OriginalCircuit.Altium.Benchmarks\OriginalCircuit.Altium.Benchmarks.csproj", "{DC057034-A2B1-4CA2-82BB-69FF0C5011FC}"
EndProject
Project("{2150E333-8FDC-42A3-9474-1A3956D46DE8}") = "examples", "examples", "{F1A2B3C4-D5E6-7890-ABCD-EF1234567890}"
EndProject
Project("{FAE04EC0-301F-11D3-BF4B-00C04F79EFBC}") = "CreateFiles", "examples\CreateFiles\CreateFiles.csproj", "{C1A2B3D4-E5F6-7890-ABCD-111111111111}"
EndProject
Project("{FAE04EC0-301F-11D3-BF4B-00C04F79EFBC}") = "LoadFiles", "examples\LoadFiles\LoadFiles.csproj", "{C1A2B3D4-E5F6-7890-ABCD-222222222222}"
EndProject
Project("{FAE04EC0-301F-11D3-BF4B-00C04F79EFBC}") = "ModifyFiles", "examples\ModifyFiles\ModifyFiles.csproj", "{C1A2B3D4-E5F6-7890-ABCD-333333333333}"
EndProject
Project("{FAE04EC0-301F-11D3-BF4B-00C04F79EFBC}") = "RenderFiles", "examples\RenderFiles\RenderFiles.csproj", "{C1A2B3D4-E5F6-7890-ABCD-444444444444}"
EndProject
Project("{FAE04EC0-301F-11D3-BF4B-00C04F79EFBC}") = "ExtractBom", "examples\ExtractBom\ExtractBom.csproj", "{841179B5-CC46-4120-B1E1-CEBA0B6AE006}"
EndProject
Project("{FAE04EC0-301F-11D3-BF4B-00C04F79EFBC}") = "GeneratePickAndPlace", "examples\GeneratePickAndPlace\GeneratePickAndPlace.csproj", "{217205E9-052C-45FC-9A2D-716D69139144}"
EndProject
Project("{FAE04EC0-301F-11D3-BF4B-00C04F79EFBC}") = "ExtractEmbeddedAssets", "examples\ExtractEmbeddedAssets\ExtractEmbeddedAssets.csproj", "{F947FC81-2D54-41E4-80DC-C40C30B2E744}"
EndProject
Project("{FAE04EC0-301F-11D3-BF4B-00C04F79EFBC}") = "InspectBoard", "examples\InspectBoard\InspectBoard.csproj", "{11E7DF12-BAFA-450B-97CD-94881C493EFC}"
EndProject
Project("{FAE04EC0-301F-11D3-BF4B-00C04F79EFBC}") = "NetReport", "examples\NetReport\NetReport.csproj", "{8FB49F22-2207-4C7D-BEAB-2DE1D2F46BE6}"
EndProject
Project("{FAE04EC0-301F-11D3-BF4B-00C04F79EFBC}") = "ValidateLibrary", "examples\ValidateLibrary\ValidateLibrary.csproj", "{35EEDBF8-1E82-4ED5-8FD8-450980925731}"
EndProject
Project("{FAE04EC0-301F-11D3-BF4B-00C04F79EFBC}") = "DiffLibraries", "examples\DiffLibraries\DiffLibraries.csproj", "{A0A4FEE5-ADF3-498B-8EE8-1F1517BE1B2C}"
EndProject
Project("{FAE04EC0-301F-11D3-BF4B-00C04F79EFBC}") = "WalkHierarchy", "examples\WalkHierarchy\WalkHierarchy.csproj", "{98160BD9-D76A-4695-97C3-8FE9A498F985}"
EndProject
Project("{FAE04EC0-301F-11D3-BF4B-00C04F79EFBC}") = "BuildFootprintGenerator", "examples\BuildFootprintGenerator\BuildFootprintGenerator.csproj", "{83CC51E4-429D-451A-84AD-E2FC61533BC2}"
EndProject
Project("{FAE04EC0-301F-11D3-BF4B-00C04F79EFBC}") = "BuildMultiPartComponent", "examples\BuildMultiPartComponent\BuildMultiPartComponent.csproj", "{2D41B819-5BC6-475E-8B02-A1409CC32F8B}"
EndProject
Project("{FAE04EC0-301F-11D3-BF4B-00C04F79EFBC}") = "LibraryCatalog", "examples\LibraryCatalog\LibraryCatalog.csproj", "{59E732FF-DD11-43FD-8D03-99D4DC2CD2CF}"
EndProject
Project("{FAE04EC0-301F-11D3-BF4B-00C04F79EFBC}") = "RenderBoard", "examples\RenderBoard\RenderBoard.csproj", "{9F99F709-A5C6-48C2-8758-D6162345CA16}"
EndProject
Project("{FAE04EC0-301F-11D3-BF4B-00C04F79EFBC}") = "BoardViewer", "examples\BoardViewer\BoardViewer.csproj", "{3EBA85A5-835A-4516-B2D6-290F36C4FF1D}"
EndProject
Project("{FAE04EC0-301F-11D3-BF4B-00C04F79EFBC}") = "OriginalCircuit.Altium.Rendering.Gltf", "src\OriginalCircuit.Altium.Rendering.Gltf\OriginalCircuit.Altium.Rendering.Gltf.csproj", "{3E4B2D85-EE86-4FA2-B96C-D56885CEB29D}"
EndProject
Project("{FAE04EC0-301F-11D3-BF4B-00C04F79EFBC}") = "ExportBoardGltf", "examples\ExportBoardGltf\ExportBoardGltf.csproj", "{541A73C0-A40E-4BE3-AF06-5D10AD548533}"
EndProject
Project("{FAE04EC0-301F-11D3-BF4B-00C04F79EFBC}") = "Board3DViewer", "examples\Board3DViewer\Board3DViewer.csproj", "{A88C7B69-9C46-4A49-85C9-41575241F0D6}"
EndProject
Global
	GlobalSection(SolutionConfigurationPlatforms) = preSolution
		Debug|Any CPU = Debug|Any CPU
		Debug|x64 = Debug|x64
		Debug|x86 = Debug|x86
		Release|Any CPU = Release|Any CPU
		Release|x64 = Release|x64
		Release|x86 = Release|x86
	EndGlobalSection
	GlobalSection(ProjectConfigurationPlatforms) = postSolution
		{5BE4ADA6-E8D4-475D-ADF8-1D8B8A6E99B5}.Debug|Any CPU.ActiveCfg = Debug|Any CPU
		{5BE4ADA6-E8D4-475D-ADF8-1D8B8A6E99B5}.Debug|Any CPU.Build.0 = Debug|Any CPU
		{5BE4ADA6-E8D4-475D-ADF8-1D8B8A6E99B5}.Debug|x64.ActiveCfg = Debug|Any CPU
		{5BE4ADA6-E8D4-475D-ADF8-1D8B8A6E99B5}.Debug|x64.Build.0 = Debug|Any CPU
		{5BE4ADA6-E8D4-475D-ADF8-1D8B8A6E99B5}.Debug|x86.ActiveCfg = Debug|Any CPU
		{5BE4ADA6-E8D4-475D-ADF8-1D8B8A6E99B5}.Debug|x86.Build.0 = Debug|Any CPU
		{5BE4ADA6-E8D4-475D-ADF8-1D8B8A6E99B5}.Release|Any CPU.ActiveCfg = Release|Any CPU
		{5BE4ADA6-E8D4-475D-ADF8-1D8B8A6E99B5}.Release|Any CPU.Build.0 = Release|Any CPU
		{5BE4ADA6-E8D4-475D-ADF8-1D8B8A6E99B5}.Release|x64.ActiveCfg = Release|Any CPU
		{5BE4ADA6-E8D4-475D-ADF8-1D8B8A6E99B5}.Release|x64.Build.0 = Release|Any CPU
		{5BE4ADA6-E8D4-475D-ADF8-1D8B8A6E99B5}.Release|x86.ActiveCfg = Release|Any CPU
		{5BE4ADA6-E8D4-475D-ADF8-1D8B8A6E99B5}.Release|x86.Build.0 = Release|Any CPU
		{FB9F0530-B692-41D5-B896-4536230D09CB}.Debug|Any CPU.ActiveCfg = Debug|Any CPU
		{FB9F0530-B692-41D5-B896-4536230D09CB}.Debug|Any CPU.Build.0 = Debug|Any CPU
		{FB9F0530-B692-41D5-B896-4536230D09CB}.Debug|x64.ActiveCfg = Debug|Any CPU
		{FB9F0530-B692-41D5-B896-4536230D09CB}.Debug|x64.Build.0 = Debug|Any CPU
		{FB9F0530-B692-41D5-B896-4536230D09CB}.Debug|x86.ActiveCfg = Debug|Any CPU
		{FB9F0530-B692-41D5-B896-4536230D09CB}.Debug|x86.Build.0 = Debug|Any CPU
		{FB9F0530-B692-41D5-B896-4536230D09CB}.Release|Any CPU.ActiveCfg = Release|Any CPU
		{FB9F0530-B692-41D5-B896-4536230D09CB}.Release|Any CPU.Build.0 = Release|Any CPU
		{FB9F0530-B692-41D5-B896-4536230D09CB}.Release|x64.ActiveCfg = Release|Any CPU
		{FB9F0530-B692-41D5-B896-4536230D09CB}.Release|x64.Build.0 = Release|Any CPU
		{FB9F0530-B692-41D5-B896-4536230D09CB}.Release|x86.ActiveCfg = Release|Any CPU
		{FB9F0530-B692-41D5-B896-4536230D09CB}.Release|x86.Build.0 = Release|Any CPU
		{A882EB4F-B7DF-4ABD-894F-296F96F0591F}.Debug|Any CPU.ActiveCfg = Debug|Any CPU
		{A882EB4F-B7DF-4ABD-894F-296F96F0591F}.Debug|Any CPU.Build.0 = Debug|Any CPU
		{A882EB4F-B7DF-4ABD-894F-296F96F0591F}.Debug|x64.ActiveCfg = Debug|Any CPU
		{A882EB4F-B7DF-4ABD-894F-296F96F0591F}.Debug|x64.Build.0 = Debug|Any CPU
		{A882EB4F-B7DF-4ABD-894F-296F96F0591F}.Debug|x86.ActiveCfg = Debug|Any CPU
		{A882EB4F-B7DF-4ABD-894F-296F96F0591F}.Debug|x86.Build.0 = Debug|Any CPU
		{A882EB4F-B7DF-4ABD-894F-296F96F0591F}.Release|Any CPU.ActiveCfg = Release|Any CPU
		{A882EB4F-B7DF-4ABD-894F-296F96F0591F}.Release|Any CPU.Build.0 = Release|Any CPU
		{A882EB4F-B7DF-4ABD-894F-296F96F0591F}.Release|x64.ActiveCfg = Release|Any CPU
		{A882EB4F-B7DF-4ABD-894F-296F96F0591F}.Release|x64.Build.0 = Release|Any CPU
		{A882EB4F-B7DF-4ABD-894F-296F96F0591F}.Release|x86.ActiveCfg = Release|Any CPU
		{A882EB4F-B7DF-4ABD-894F-296F96F0591F}.Release|x86.Build.0 = Release|Any CPU
		{DEBE60EB-0A98-4D8C-8998-1900671A5123}.Debug|Any CPU.ActiveCfg = Debug|Any CPU
		{DEBE60EB-0A98-4D8C-8998-1900671A5123}.Debug|Any CPU.Build.0 = Debug|Any CPU
		{DEBE60EB-0A98-4D8C-8998-1900671A5123}.Debug|x64.ActiveCfg = Debug|Any CPU
		{DEBE60EB-0A98-4D8C-8998-1900671A5123}.Debug|x64.Build.0 = Debug|Any CPU
		{DEBE60EB-0A98-4D8C-8998-1900671A5123}.Debug|x86.ActiveCfg = Debug|Any CPU
		{DEBE60EB-0A98-4D8C-8998-1900671A5123}.Debug|x86.Build.0 = Debug|Any CPU
		{DEBE60EB-0A98-4D8C-8998-1900671A5123}.Release|Any CPU.ActiveCfg = Release|Any CPU
		{DEBE60EB-0A98-4D8C-8998-1900671A5123}.Release|Any CPU.Build.0 = Release|Any CPU
		{DEBE60EB-0A98-4D8C-8998-1900671A5123}.Release|x64.ActiveCfg = Release|Any CPU
		{DEBE60EB-0A98-4D8C-8998-1900671A5123}.Release|x64.Build.0 = Release|Any CPU
		{DEBE60EB-0A98-4D8C-8998-1900671A5123}.Release|x86.ActiveCfg = Release|Any CPU
		{DEBE60EB-0A98-4D8C-8998-1900671A5123}.Release|x86.Build.0 = Release|Any CPU
		{B400EFC6-8BC2-4112-B128-12DB27F0F8D0}.Debug|Any CPU.ActiveCfg = Debug|Any CPU
		{B400EFC6-8BC2-4112-B128-12DB27F0F8D0}.Debug|Any CPU.Build.0 = Debug|Any CPU
		{B400EFC6-8BC2-4112-B128-12DB27F0F8D0}.Debug|x64.ActiveCfg = Debug|Any CPU
		{B400EFC6-8BC2-4112-B128-12DB27F0F8D0}.Debug|x64.Build.0 = Debug|Any CPU
		{B400EFC6-8BC2-4112-B128-12DB27F0F8D0}.Debug|x86.ActiveCfg = Debug|Any CPU
		{B400EFC6-8BC2-4112-B128-12DB27F0F8D0}.Debug|x86.Build.0 = Debug|Any CPU
		{B400EFC6-8BC2-4112-B128-12DB27F0F8D0}.Release|Any CPU.ActiveCfg = Release|Any CPU
		{B400EFC6-8BC2-4112-B128-12DB27F0F8D0}.Release|Any CPU.Build.0 = Release|Any CPU
		{B400EFC6-8BC2-4112-B128-12DB27F0F8D0}.Release|x64.ActiveCfg = Release|Any CPU
		{B400EFC6-8BC2-4112-B128-12DB27F0F8D0}.Release|x64.Build.0 = Release|Any CPU
		{B400EFC6-8BC2-4112-B128-12DB27F0F8D0}.Release|x86.ActiveCfg = Release|Any CPU
		{B400EFC6-8BC2-4112-B128-12DB27F0F8D0}.Release|x86.Build.0 = Release|Any CPU
		{E26AA722-FA70-49AC-96AA-6B119A386921}.Debug|Any CPU.ActiveCfg = Debug|Any CPU
		{E26AA722-FA70-49AC-96AA-6B119A386921}.Debug|Any CPU.Build.0 = Debug|Any CPU
		{E26AA722-FA70-49AC-96AA-6B119A386921}.Debug|x64.ActiveCfg = Debug|Any CPU
		{E26AA722-FA70-49AC-96AA-6B119A386921}.Debug|x64.Build.0 = Debug|Any CPU
		{E26AA722-FA70-49AC-96AA-6B119A386921}.Debug|x86.ActiveCfg = Debug|Any CPU
		{E26AA722-FA70-49AC-96AA-6B119A386921}.Debug|x86.Build.0 = Debug|Any CPU
		{E26AA722-FA70-49AC-96AA-6B119A386921}.Release|Any CPU.ActiveCfg = Release|Any CPU
		{E26AA722-FA70-49AC-96AA-6B119A386921}.Release|Any CPU.Build.0 = Release|Any CPU
		{E26AA722-FA70-49AC-96AA-6B119A386921}.Release|x64.ActiveCfg = Release|Any CPU
		{E26AA722-FA70-49AC-96AA-6B119A386921}.Release|x64.Build.0 = Release|Any CPU
		{E26AA722-FA70-49AC-96AA-6B119A386921}.Release|x86.ActiveCfg = Release|Any CPU
		{E26AA722-FA70-49AC-96AA-6B119A386921}.Release|x86.Build.0 = Release|Any CPU
		{DC057034-A2B1-4CA2-82BB-69FF0C5011FC}.Debug|Any CPU.ActiveCfg = Debug|Any CPU
		{DC057034-A2B1-4CA2-82BB-69FF0C5011FC}.Debug|Any CPU.Build.0 = Debug|Any CPU
		{DC057034-A2B1-4CA2-82BB-69FF0C5011FC}.Debug|x64.ActiveCfg = Debug|Any CPU
		{DC057034-A2B1-4CA2-82BB-69FF0C5011FC}.Debug|x64.Build.0 = Debug|Any CPU
		{DC057034-A2B1-4CA2-82BB-69FF0C5011FC}.Debug|x86.ActiveCfg = Debug|Any CPU
		{DC057034-A2B1-4CA2-82BB-69FF0C5011FC}.Debug|x86.Build.0 = Debug|Any CPU
		{DC057034-A2B1-4CA2-82BB-69FF0C5011FC}.Release|Any CPU.ActiveCfg = Release|Any CPU
		{DC057034-A2B1-4CA2-82BB-69FF0C5011FC}.Release|Any CPU.Build.0 = Release|Any CPU
		{DC057034-A2B1-4CA2-82BB-69FF0C5011FC}.Release|x64.ActiveCfg = Release|Any CPU
		{DC057034-A2B1-4CA2-82BB-69FF0C5011FC}.Release|x64.Build.0 = Release|Any CPU
		{DC057034-A2B1-4CA2-82BB-69FF0C5011FC}.Release|x86.ActiveCfg = Release|Any CPU
		{DC057034-A2B1-4CA2-82BB-69FF0C5011FC}.Release|x86.Build.0 = Release|Any CPU
		{C1A2B3D4-E5F6-7890-ABCD-111111111111}.Debug|Any CPU.ActiveCfg = Debug|Any CPU
		{C1A2B3D4-E5F6-7890-ABCD-111111111111}.Debug|Any CPU.Build.0 = Debug|Any CPU
		{C1A2B3D4-E5F6-7890-ABCD-111111111111}.Debug|x64.ActiveCfg = Debug|Any CPU
		{C1A2B3D4-E5F6-7890-ABCD-111111111111}.Debug|x64.Build.0 = Debug|Any CPU
		{C1A2B3D4-E5F6-7890-ABCD-111111111111}.Debug|x86.ActiveCfg = Debug|Any CPU
		{C1A2B3D4-E5F6-7890-ABCD-111111111111}.Debug|x86.Build.0 = Debug|Any CPU
		{C1A2B3D4-E5F6-7890-ABCD-111111111111}.Release|Any CPU.ActiveCfg = Release|Any CPU
		{C1A2B3D4-E5F6-7890-ABCD-111111111111}.Release|Any CPU.Build.0 = Release|Any CPU
		{C1A2B3D4-E5F6-7890-ABCD-111111111111}.Release|x64.ActiveCfg = Release|Any CPU
		{C1A2B3D4-E5F6-7890-ABCD-111111111111}.Release|x64.Build.0 = Release|Any CPU
		{C1A2B3D4-E5F6-7890-ABCD-111111111111}.Release|x86.ActiveCfg = Release|Any CPU
		{C1A2B3D4-E5F6-7890-ABCD-111111111111}.Release|x86.Build.0 = Release|Any CPU
		{C1A2B3D4-E5F6-7890-ABCD-222222222222}.Debug|Any CPU.ActiveCfg = Debug|Any CPU
		{C1A2B3D4-E5F6-7890-ABCD-222222222222}.Debug|Any CPU.Build.0 = Debug|Any CPU
		{C1A2B3D4-E5F6-7890-ABCD-222222222222}.Debug|x64.ActiveCfg = Debug|Any CPU
		{C1A2B3D4-E5F6-7890-ABCD-222222222222}.Debug|x64.Build.0 = Debug|Any CPU
		{C1A2B3D4-E5F6-7890-ABCD-222222222222}.Debug|x86.ActiveCfg = Debug|Any CPU
		{C1A2B3D4-E5F6-7890-ABCD-222222222222}.Debug|x86.Build.0 = Debug|Any CPU
		{C1A2B3D4-E5F6-7890-ABCD-222222222222}.Release|Any CPU.ActiveCfg = Release|Any CPU
		{C1A2B3D4-E5F6-7890-ABCD-222222222222}.Release|Any CPU.Build.0 = Release|Any CPU
		{C1A2B3D4-E5F6-7890-ABCD-222222222222}.Release|x64.ActiveCfg = Release|Any CPU
		{C1A2B3D4-E5F6-7890-ABCD-222222222222}.Release|x64.Build.0 = Release|Any CPU
		{C1A2B3D4-E5F6-7890-ABCD-222222222222}.Release|x86.ActiveCfg = Release|Any CPU
		{C1A2B3D4-E5F6-7890-ABCD-222222222222}.Release|x86.Build.0 = Release|Any CPU
		{C1A2B3D4-E5F6-7890-ABCD-333333333333}.Debug|Any CPU.ActiveCfg = Debug|Any CPU
		{C1A2B3D4-E5F6-7890-ABCD-333333333333}.Debug|Any CPU.Build.0 = Debug|Any CPU
		{C1A2B3D4-E5F6-7890-ABCD-333333333333}.Debug|x64.ActiveCfg = Debug|Any CPU
		{C1A2B3D4-E5F6-7890-ABCD-333333333333}.Debug|x64.Build.0 = Debug|Any CPU
		{C1A2B3D4-E5F6-7890-ABCD-333333333333}.Debug|x86.ActiveCfg = Debug|Any CPU
		{C1A2B3D4-E5F6-7890-ABCD-333333333333}.Debug|x86.Build.0 = Debug|Any CPU
		{C1A2B3D4-E5F6-7890-ABCD-333333333333}.Release|Any CPU.ActiveCfg = Release|Any CPU
		{C1A2B3D4-E5F6-7890-ABCD-333333333333}.Release|Any CPU.Build.0 = Release|Any CPU
		{C1A2B3D4-E5F6-7890-ABCD-333333333333}.Release|x64.ActiveCfg = Release|Any CPU
		{C1A2B3D4-E5F6-7890-ABCD-333333333333}.Release|x64.Build.0 = Release|Any CPU
		{C1A2B3D4-E5F6-7890-ABCD-333333333333}.Release|x86.ActiveCfg = Release|Any CPU
		{C1A2B3D4-E5F6-7890-ABCD-333333333333}.Release|x86.Build.0 = Release|Any CPU
		{C1A2B3D4-E5F6-7890-ABCD-444444444444}.Debug|Any CPU.ActiveCfg = Debug|Any CPU
		{C1A2B3D4-E5F6-7890-ABCD-444444444444}.Debug|Any CPU.Build.0 = Debug|Any CPU
		{C1A2B3D4-E5F6-7890-ABCD-444444444444}.Debug|x64.ActiveCfg = Debug|Any CPU
		{C1A2B3D4-E5F6-7890-ABCD-444444444444}.Debug|x64.Build.0 = Debug|Any CPU
		{C1A2B3D4-E5F6-7890-ABCD-444444444444}.Debug|x86.ActiveCfg = Debug|Any CPU
		{C1A2B3D4-E5F6-7890-ABCD-444444444444}.Debug|x86.Build.0 = Debug|Any CPU
		{C1A2B3D4-E5F6-7890-ABCD-444444444444}.Release|Any CPU.ActiveCfg = Release|Any CPU
		{C1A2B3D4-E5F6-7890-ABCD-444444444444}.Release|Any CPU.Build.0 = Release|Any CPU
		{C1A2B3D4-E5F6-7890-ABCD-444444444444}.Release|x64.ActiveCfg = Release|Any CPU
		{C1A2B3D4-E5F6-7890-ABCD-444444444444}.Release|x64.Build.0 = Release|Any CPU
		{C1A2B3D4-E5F6-7890-ABCD-444444444444}.Release|x86.ActiveCfg = Release|Any CPU
		{C1A2B3D4-E5F6-7890-ABCD-444444444444}.Release|x86.Build.0 = Release|Any CPU
		{841179B5-CC46-4120-B1E1-CEBA0B6AE006}.Debug|Any CPU.ActiveCfg = Debug|Any CPU
		{841179B5-CC46-4120-B1E1-CEBA0B6AE006}.Debug|Any CPU.Build.0 = Debug|Any CPU
		{841179B5-CC46-4120-B1E1-CEBA0B6AE006}.Debug|x64.ActiveCfg = Debug|Any CPU
		{841179B5-CC46-4120-B1E1-CEBA0B6AE006}.Debug|x64.Build.0 = Debug|Any CPU
		{841179B5-CC46-4120-B1E1-CEBA0B6AE006}.Debug|x86.ActiveCfg = Debug|Any CPU
		{841179B5-CC46-4120-B1E1-CEBA0B6AE006}.Debug|x86.Build.0 = Debug|Any CPU
		{841179B5-CC46-4120-B1E1-CEBA0B6AE006}.Release|Any CPU.ActiveCfg = Release|Any CPU
		{841179B5-CC46-4120-B1E1-CEBA0B6AE006}.Release|Any CPU.Build.0 = Release|Any CPU
		{841179B5-CC46-4120-B1E1-CEBA0B6AE006}.Release|x64.ActiveCfg = Release|Any CPU
		{841179B5-CC46-4120-B1E1-CEBA0B6AE006}.Release|x64.Build.0 = Release|Any CPU
		{841179B5-CC46-4120-B1E1-CEBA0B6AE006}.Release|x86.ActiveCfg = Release|Any CPU
		{841179B5-CC46-4120-B1E1-CEBA0B6AE006}.Release|x86.Build.0 = Release|Any CPU
		{217205E9-052C-45FC-9A2D-716D69139144}.Debug|Any CPU.ActiveCfg = Debug|Any CPU
		{217205E9-052C-45FC-9A2D-716D69139144}.Debug|Any CPU.Build.0 = Debug|Any CPU
		{217205E9-052C-45FC-9A2D-716D69139144}.Debug|x64.ActiveCfg = Debug|Any CPU
		{217205E9-052C-45FC-9A2D-716D69139144}.Debug|x64.Build.0 = Debug|Any CPU
		{217205E9-052C-45FC-9A2D-716D69139144}.Debug|x86.ActiveCfg = Debug|Any CPU
		{217205E9-052C-45FC-9A2D-716D69139144}.Debug|x86.Build.0 = Debug|Any CPU
		{217205E9-052C-45FC-9A2D-716D69139144}.Release|Any CPU.ActiveCfg = Release|Any CPU
		{217205E9-052C-45FC-9A2D-716D69139144}.Release|Any CPU.Build.0 = Release|Any CPU
		{217205E9-052C-45FC-9A2D-716D69139144}.Release|x64.ActiveCfg = Release|Any CPU
		{217205E9-052C-45FC-9A2D-716D69139144}.Release|x64.Build.0 = Release|Any CPU
		{217205E9-052C-45FC-9A2D-716D69139144}.Release|x86.ActiveCfg = Release|Any CPU
		{217205E9-052C-45FC-9A2D-716D69139144}.Release|x86.Build.0 = Release|Any CPU
		{F947FC81-2D54-41E4-80DC-C40C30B2E744}.Debug|Any CPU.ActiveCfg = Debug|Any CPU
		{F947FC81-2D54-41E4-80DC-C40C30B2E744}.Debug|Any CPU.Build.0 = Debug|Any CPU
		{F947FC81-2D54-41E4-80DC-C40C30B2E744}.Debug|x64.ActiveCfg = Debug|Any CPU
		{F947FC81-2D54-41E4-80DC-C40C30B2E744}.Debug|x64.Build.0 = Debug|Any CPU
		{F947FC81-2D54-41E4-80DC-C40C30B2E744}.Debug|x86.ActiveCfg = Debug|Any CPU
		{F947FC81-2D54-41E4-80DC-C40C30B2E744}.Debug|x86.Build.0 = Debug|Any CPU
		{F947FC81-2D54-41E4-80DC-C40C30B2E744}.Release|Any CPU.ActiveCfg = Release|Any CPU
		{F947FC81-2D54-41E4-80DC-C40C30B2E744}.Release|Any CPU.Build.0 = Release|Any CPU
		{F947FC81-2D54-41E4-80DC-C40C30B2E744}.Release|x64.ActiveCfg = Release|Any CPU
		{F947FC81-2D54-41E4-80DC-C40C30B2E744}.Release|x64.Build.0 = Release|Any CPU
		{F947FC81-2D54-41E4-80DC-C40C30B2E744}.Release|x86.ActiveCfg = Release|Any CPU
		{F947FC81-2D54-41E4-80DC-C40C30B2E744}.Release|x86.Build.0 = Release|Any CPU
		{11E7DF12-BAFA-450B-97CD-94881C493EFC}.Debug|Any CPU.ActiveCfg = Debug|Any CPU
		{11E7DF12-BAFA-450B-97CD-94881C493EFC}.Debug|Any CPU.Build.0 = Debug|Any CPU
		{11E7DF12-BAFA-450B-97CD-94881C493EFC}.Debug|x64.ActiveCfg = Debug|Any CPU
		{11E7DF12-BAFA-450B-97CD-94881C493EFC}.Debug|x64.Build.0 = Debug|Any CPU
		{11E7DF12-BAFA-450B-97CD-94881C493EFC}.Debug|x86.ActiveCfg = Debug|Any CPU
		{11E7DF12-BAFA-450B-97CD-94881C493EFC}.Debug|x86.Build.0 = Debug|Any CPU
		{11E7DF12-BAFA-450B-97CD-94881C493EFC}.Release|Any CPU.ActiveCfg = Release|Any CPU
		{11E7DF12-BAFA-450B-97CD-94881C493EFC}.Release|Any CPU.Build.0 = Release|Any CPU
		{11E7DF12-BAFA-450B-97CD-94881C493EFC}.Release|x64.ActiveCfg = Release|Any CPU
		{11E7DF12-BAFA-450B-97CD-94881C493EFC}.Release|x64.Build.0 = Release|Any CPU
		{11E7DF12-BAFA-450B-97CD-94881C493EFC}.Release|x86.ActiveCfg = Release|Any CPU
		{11E7DF12-BAFA-450B-97CD-94881C493EFC}.Release|x86.Build.0 = Release|Any CPU
		{8FB49F22-2207-4C7D-BEAB-2DE1D2F46BE6}.Debug|Any CPU.ActiveCfg = Debug|Any CPU
		{8FB49F22-2207-4C7D-BEAB-2DE1D2F46BE6}.Debug|Any CPU.Build.0 = Debug|Any CPU
		{8FB49F22-2207-4C7D-BEAB-2DE1D2F46BE6}.Debug|x64.ActiveCfg = Debug|Any CPU
		{8FB49F22-2207-4C7D-BEAB-2DE1D2F46BE6}.Debug|x64.Build.0 = Debug|Any CPU
		{8FB49F22-2207-4C7D-BEAB-2DE1D2F46BE6}.Debug|x86.ActiveCfg = Debug|Any CPU
		{8FB49F22-2207-4C7D-BEAB-2DE1D2F46BE6}.Debug|x86.Build.0 = Debug|Any CPU
		{8FB49F22-2207-4C7D-BEAB-2DE1D2F46BE6}.Release|Any CPU.ActiveCfg = Release|Any CPU
		{8FB49F22-2207-4C7D-BEAB-2DE1D2F46BE6}.Release|Any CPU.Build.0 = Release|Any CPU
		{8FB49F22-2207-4C7D-BEAB-2DE1D2F46BE6}.Release|x64.ActiveCfg = Release|Any CPU
		{8FB49F22-2207-4C7D-BEAB-2DE1D2F46BE6}.Release|x64.Build.0 = Release|Any CPU
		{8FB49F22-2207-4C7D-BEAB-2DE1D2F46BE6}.Release|x86.ActiveCfg = Release|Any CPU
		{8FB49F22-2207-4C7D-BEAB-2DE1D2F46BE6}.Release|x86.Build.0 = Release|Any CPU
		{35EEDBF8-1E82-4ED5-8FD8-450980925731}.Debug|Any CPU.ActiveCfg = Debug|Any CPU
		{35EEDBF8-1E82-4ED5-8FD8-450980925731}.Debug|Any CPU.Build.0 = Debug|Any CPU
		{35EEDBF8-1E82-4ED5-8FD8-450980925731}.Debug|x64.ActiveCfg = Debug|Any CPU
		{35EEDBF8-1E82-4ED5-8FD8-450980925731}.Debug|x64.Build.0 = Debug|Any CPU
		{35EEDBF8-1E82-4ED5-8FD8-450980925731}.Debug|x86.ActiveCfg = Debug|Any CPU
		{35EEDBF8-1E82-4ED5-8FD8-450980925731}.Debug|x86.Build.0 = Debug|Any CPU
		{35EEDBF8-1E82-4ED5-8FD8-450980925731}.Release|Any CPU.ActiveCfg = Release|Any CPU
		{35EEDBF8-1E82-4ED5-8FD8-450980925731}.Release|Any CPU.Build.0 = Release|Any CPU
		{35EEDBF8-1E82-4ED5-8FD8-450980925731}.Release|x64.ActiveCfg = Release|Any CPU
		{35EEDBF8-1E82-4ED5-8FD8-450980925731}.Release|x64.Build.0 = Release|Any CPU
		{35EEDBF8-1E82-4ED5-8FD8-450980925731}.Release|x86.ActiveCfg = Release|Any CPU
		{35EEDBF8-1E82-4ED5-8FD8-450980925731}.Release|x86.Build.0 = Release|Any CPU
		{A0A4FEE5-ADF3-498B-8EE8-1F1517BE1B2C}.Debug|Any CPU.ActiveCfg = Debug|Any CPU
		{A0A4FEE5-ADF3-498B-8EE8-1F1517BE1B2C}.Debug|Any CPU.Build.0 = Debug|Any CPU
		{A0A4FEE5-ADF3-498B-8EE8-1F1517BE1B2C}.Debug|x64.ActiveCfg = Debug|Any CPU
		{A0A4FEE5-ADF3-498B-8EE8-1F1517BE1B2C}.Debug|x64.Build.0 = Debug|Any CPU
		{A0A4FEE5-ADF3-498B-8EE8-1F1517BE1B2C}.Debug|x86.ActiveCfg = Debug|Any CPU
		{A0A4FEE5-ADF3-498B-8EE8-1F1517BE1B2C}.Debug|x86.Build.0 = Debug|Any CPU
		{A0A4FEE5-ADF3-498B-8EE8-1F1517BE1B2C}.Release|Any CPU.ActiveCfg = Release|Any CPU
		{A0A4FEE5-ADF3-498B-8EE8-1F1517BE1B2C}.Release|Any CPU.Build.0 = Release|Any CPU
		{A0A4FEE5-ADF3-498B-8EE8-1F1517BE1B2C}.Release|x64.ActiveCfg = Release|Any CPU
		{A0A4FEE5-ADF3-498B-8EE8-1F1517BE1B2C}.Release|x64.Build.0 = Release|Any CPU
		{A0A4FEE5-ADF3-498B-8EE8-1F1517BE1B2C}.Release|x86.ActiveCfg = Release|Any CPU
		{A0A4FEE5-ADF3-498B-8EE8-1F1517BE1B2C}.Release|x86.Build.0 = Release|Any CPU
		{98160BD9-D76A-4695-97C3-8FE9A498F985}.Debug|Any CPU.ActiveCfg = Debug|Any CPU
		{98160BD9-D76A-4695-97C3-8FE9A498F985}.Debug|Any CPU.Build.0 = Debug|Any CPU
		{98160BD9-D76A-4695-97C3-8FE9A498F985}.Debug|x64.ActiveCfg = Debug|Any CPU
		{98160BD9-D76A-4695-97C3-8FE9A498F985}.Debug|x64.Build.0 = Debug|Any CPU
		{98160BD9-D76A-4695-97C3-8FE9A498F985}.Debug|x86.ActiveCfg = Debug|Any CPU
		{98160BD9-D76A-4695-97C3-8FE9A498F985}.Debug|x86.Build.0 = Debug|Any CPU
		{98160BD9-D76A-4695-97C3-8FE9A498F985}.Release|Any CPU.ActiveCfg = Release|Any CPU
		{98160BD9-D76A-4695-97C3-8FE9A498F985}.Release|Any CPU.Build.0 = Release|Any CPU
		{98160BD9-D76A-4695-97C3-8FE9A498F985}.Release|x64.ActiveCfg = Release|Any CPU
		{98160BD9-D76A-4695-97C3-8FE9A498F985}.Release|x64.Build.0 = Release|Any CPU
		{98160BD9-D76A-4695-97C3-8FE9A498F985}.Release|x86.ActiveCfg = Release|Any CPU
		{98160BD9-D76A-4695-97C3-8FE9A498F985}.Release|x86.Build.0 = Release|Any CPU
		{83CC51E4-429D-451A-84AD-E2FC61533BC2}.Debug|Any CPU.ActiveCfg = Debug|Any CPU
		{83CC51E4-429D-451A-84AD-E2FC61533BC2}.Debug|Any CPU.Build.0 = Debug|Any CPU
		{83CC51E4-429D-451A-84AD-E2FC61533BC2}.Debug|x64.ActiveCfg = Debug|Any CPU
		{83CC51E4-429D-451A-84AD-E2FC61533BC2}.Debug|x64.Build.0 = Debug|Any CPU
		{83CC51E4-429D-451A-84AD-E2FC61533BC2}.Debug|x86.ActiveCfg = Debug|Any CPU
		{83CC51E4-429D-451A-84AD-E2FC61533BC2}.Debug|x86.Build.0 = Debug|Any CPU
		{83CC51E4-429D-451A-84AD-E2FC61533BC2}.Release|Any CPU.ActiveCfg = Release|Any CPU
		{83CC51E4-429D-451A-84AD-E2FC61533BC2}.Release|Any CPU.Build.0 = Release|Any CPU
		{83CC51E4-429D-451A-84AD-E2FC61533BC2}.Release|x64.ActiveCfg = Release|Any CPU
		{83CC51E4-429D-451A-84AD-E2FC61533BC2}.Release|x64.Build.0 = Release|Any CPU
		{83CC51E4-429D-451A-84AD-E2FC61533BC2}.Release|x86.ActiveCfg = Release|Any CPU
		{83CC51E4-429D-451A-84AD-E2FC61533BC2}.Release|x86.Build.0 = Release|Any CPU
		{2D41B819-5BC6-475E-8B02-A1409CC32F8B}.Debug|Any CPU.ActiveCfg = Debug|Any CPU
		{2D41B819-5BC6-475E-8B02-A1409CC32F8B}.Debug|Any CPU.Build.0 = Debug|Any CPU
		{2D41B819-5BC6-475E-8B02-A1409CC32F8B}.Debug|x64.ActiveCfg = Debug|Any CPU
		{2D41B819-5BC6-475E-8B02-A1409CC32F8B}.Debug|x64.Build.0 = Debug|Any CPU
		{2D41B819-5BC6-475E-8B02-A1409CC32F8B}.Debug|x86.ActiveCfg = Debug|Any CPU
		{2D41B819-5BC6-475E-8B02-A1409CC32F8B}.Debug|x86.Build.0 = Debug|Any CPU
		{2D41B819-5BC6-475E-8B02-A1409CC32F8B}.Release|Any CPU.ActiveCfg = Release|Any CPU
		{2D41B819-5BC6-475E-8B02-A1409CC32F8B}.Release|Any CPU.Build.0 = Release|Any CPU
		{2D41B819-5BC6-475E-8B02-A1409CC32F8B}.Release|x64.ActiveCfg = Release|Any CPU
		{2D41B819-5BC6-475E-8B02-A1409CC32F8B}.Release|x64.Build.0 = Release|Any CPU
		{2D41B819-5BC6-475E-8B02-A1409CC32F8B}.Release|x86.ActiveCfg = Release|Any CPU
		{2D41B819-5BC6-475E-8B02-A1409CC32F8B}.Release|x86.Build.0 = Release|Any CPU
		{59E732FF-DD11-43FD-8D03-99D4DC2CD2CF}.Debug|Any CPU.ActiveCfg = Debug|Any CPU
		{59E732FF-DD11-43FD-8D03-99D4DC2CD2CF}.Debug|Any CPU.Build.0 = Debug|Any CPU
		{59E732FF-DD11-43FD-8D03-99D4DC2CD2CF}.Debug|x64.ActiveCfg = Debug|Any CPU
		{59E732FF-DD11-43FD-8D03-99D4DC2CD2CF}.Debug|x64.Build.0 = Debug|Any CPU
		{59E732FF-DD11-43FD-8D03-99D4DC2CD2CF}.Debug|x86.ActiveCfg = Debug|Any CPU
		{59E732FF-DD11-43FD-8D03-99D4DC2CD2CF}.Debug|x86.Build.0 = Debug|Any CPU
		{59E732FF-DD11-43FD-8D03-99D4DC2CD2CF}.Release|Any CPU.ActiveCfg = Release|Any CPU
		{59E732FF-DD11-43FD-8D03-99D4DC2CD2CF}.Release|Any CPU.Build.0 = Release|Any CPU
		{59E732FF-DD11-43FD-8D03-99D4DC2CD2CF}.Release|x64.ActiveCfg = Release|Any CPU
		{59E732FF-DD11-43FD-8D03-99D4DC2CD2CF}.Release|x64.Build.0 = Release|Any CPU
		{59E732FF-DD11-43FD-8D03-99D4DC2CD2CF}.Release|x86.ActiveCfg = Release|Any CPU
		{59E732FF-DD11-43FD-8D03-99D4DC2CD2CF}.Release|x86.Build.0 = Release|Any CPU
		{9F99F709-A5C6-48C2-8758-D6162345CA16}.Debug|Any CPU.ActiveCfg = Debug|Any CPU
		{9F99F709-A5C6-48C2-8758-D6162345CA16}.Debug|Any CPU.Build.0 = Debug|Any CPU
		{9F99F709-A5C6-48C2-8758-D6162345CA16}.Debug|x64.ActiveCfg = Debug|Any CPU
		{9F99F709-A5C6-48C2-8758-D6162345CA16}.Debug|x64.Build.0 = Debug|Any CPU
		{9F99F709-A5C6-48C2-8758-D6162345CA16}.Debug|x86.ActiveCfg = Debug|Any CPU
		{9F99F709-A5C6-48C2-8758-D6162345CA16}.Debug|x86.Build.0 = Debug|Any CPU
		{9F99F709-A5C6-48C2-8758-D6162345CA16}.Release|Any CPU.ActiveCfg = Release|Any CPU
		{9F99F709-A5C6-48C2-8758-D6162345CA16}.Release|Any CPU.Build.0 = Release|Any CPU
		{9F99F709-A5C6-48C2-8758-D6162345CA16}.Release|x64.ActiveCfg = Release|Any CPU
		{9F99F709-A5C6-48C2-8758-D6162345CA16}.Release|x64.Build.0 = Release|Any CPU
		{9F99F709-A5C6-48C2-8758-D6162345CA16}.Release|x86.ActiveCfg = Release|Any CPU
		{9F99F709-A5C6-48C2-8758-D6162345CA16}.Release|x86.Build.0 = Release|Any CPU
		{3EBA85A5-835A-4516-B2D6-290F36C4FF1D}.Debug|Any CPU.ActiveCfg = Debug|Any CPU
		{3EBA85A5-835A-4516-B2D6-290F36C4FF1D}.Debug|Any CPU.Build.0 = Debug|Any CPU
		{3EBA85A5-835A-4516-B2D6-290F36C4FF1D}.Debug|x64.ActiveCfg = Debug|Any CPU
		{3EBA85A5-835A-4516-B2D6-290F36C4FF1D}.Debug|x64.Build.0 = Debug|Any CPU
		{3EBA85A5-835A-4516-B2D6-290F36C4FF1D}.Debug|x86.ActiveCfg = Debug|Any CPU
		{3EBA85A5-835A-4516-B2D6-290F36C4FF1D}.Debug|x86.Build.0 = Debug|Any CPU
		{3EBA85A5-835A-4516-B2D6-290F36C4FF1D}.Release|Any CPU.ActiveCfg = Release|Any CPU
		{3EBA85A5-835A-4516-B2D6-290F36C4FF1D}.Release|Any CPU.Build.0 = Release|Any CPU
		{3EBA85A5-835A-4516-B2D6-290F36C4FF1D}.Release|x64.ActiveCfg = Release|Any CPU
		{3EBA85A5-835A-4516-B2D6-290F36C4FF1D}.Release|x64.Build.0 = Release|Any CPU
		{3EBA85A5-835A-4516-B2D6-290F36C4FF1D}.Release|x86.ActiveCfg = Release|Any CPU
		{3EBA85A5-835A-4516-B2D6-290F36C4FF1D}.Release|x86.Build.0 = Release|Any CPU
		{3E4B2D85-EE86-4FA2-B96C-D56885CEB29D}.Debug|Any CPU.ActiveCfg = Debug|Any CPU
		{3E4B2D85-EE86-4FA2-B96C-D56885CEB29D}.Debug|Any CPU.Build.0 = Debug|Any CPU
		{3E4B2D85-EE86-4FA2-B96C-D56885CEB29D}.Debug|x64.ActiveCfg = Debug|Any CPU
		{3E4B2D85-EE86-4FA2-B96C-D56885CEB29D}.Debug|x64.Build.0 = Debug|Any CPU
		{3E4B2D85-EE86-4FA2-B96C-D56885CEB29D}.Debug|x86.ActiveCfg = Debug|Any CPU
		{3E4B2D85-EE86-4FA2-B96C-D56885CEB29D}.Debug|x86.Build.0 = Debug|Any CPU
		{3E4B2D85-EE86-4FA2-B96C-D56885CEB29D}.Release|Any CPU.ActiveCfg = Release|Any CPU
		{3E4B2D85-EE86-4FA2-B96C-D56885CEB29D}.Release|Any CPU.Build.0 = Release|Any CPU
		{3E4B2D85-EE86-4FA2-B96C-D56885CEB29D}.Release|x64.ActiveCfg = Release|Any CPU
		{3E4B2D85-EE86-4FA2-B96C-D56885CEB29D}.Release|x64.Build.0 = Release|Any CPU
		{3E4B2D85-EE86-4FA2-B96C-D56885CEB29D}.Release|x86.ActiveCfg = Release|Any CPU
		{3E4B2D85-EE86-4FA2-B96C-D56885CEB29D}.Release|x86.Build.0 = Release|Any CPU
		{541A73C0-A40E-4BE3-AF06-5D10AD548533}.Debug|Any CPU.ActiveCfg = Debug|Any CPU
		{541A73C0-A40E-4BE3-AF06-5D10AD548533}.Debug|Any CPU.Build.0 = Debug|Any CPU
		{541A73C0-A40E-4BE3-AF06-5D10AD548533}.Debug|x64.ActiveCfg = Debug|Any CPU
		{541A73C0-A40E-4BE3-AF06-5D10AD548533}.Debug|x64.Build.0 = Debug|Any CPU
		{541A73C0-A40E-4BE3-AF06-5D10AD548533}.Debug|x86.ActiveCfg = Debug|Any CPU
		{541A73C0-A40E-4BE3-AF06-5D10AD548533}.Debug|x86.Build.0 = Debug|Any CPU
		{541A73C0-A40E-4BE3-AF06-5D10AD548533}.Release|Any CPU.ActiveCfg = Release|Any CPU
		{541A73C0-A40E-4BE3-AF06-5D10AD548533}.Release|Any CPU.Build.0 = Release|Any CPU
		{541A73C0-A40E-4BE3-AF06-5D10AD548533}.Release|x64.ActiveCfg = Release|Any CPU
		{541A73C0-A40E-4BE3-AF06-5D10AD548533}.Release|x64.Build.0 = Release|Any CPU
		{541A73C0-A40E-4BE3-AF06-5D10AD548533}.Release|x86.ActiveCfg = Release|Any CPU
		{541A73C0-A40E-4BE3-AF06-5D10AD548533}.Release|x86.Build.0 = Release|Any CPU
		{A88C7B69-9C46-4A49-85C9-41575241F0D6}.Debug|Any CPU.ActiveCfg = Debug|Any CPU
		{A88C7B69-9C46-4A49-85C9-41575241F0D6}.Debug|Any CPU.Build.0 = Debug|Any CPU
		{A88C7B69-9C46-4A49-85C9-41575241F0D6}.Debug|x64.ActiveCfg = Debug|Any CPU
		{A88C7B69-9C46-4A49-85C9-41575241F0D6}.Debug|x64.Build.0 = Debug|Any CPU
		{A88C7B69-9C46-4A49-85C9-41575241F0D6}.Debug|x86.ActiveCfg = Debug|Any CPU
		{A88C7B69-9C46-4A49-85C9-41575241F0D6}.Debug|x86.Build.0 = Debug|Any CPU
		{A88C7B69-9C46-4A49-85C9-41575241F0D6}.Release|Any CPU.ActiveCfg = Release|Any CPU
		{A88C7B69-9C46-4A49-85C9-41575241F0D6}.Release|Any CPU.Build.0 = Release|Any CPU
		{A88C7B69-9C46-4A49-85C9-41575241F0D6}.Release|x64.ActiveCfg = Release|Any CPU
		{A88C7B69-9C46-4A49-85C9-41575241F0D6}.Release|x64.Build.0 = Release|Any CPU
		{A88C7B69-9C46-4A49-85C9-41575241F0D6}.Release|x86.ActiveCfg = Release|Any CPU
		{A88C7B69-9C46-4A49-85C9-41575241F0D6}.Release|x86.Build.0 = Release|Any CPU
	EndGlobalSection
	GlobalSection(SolutionProperties) = preSolution
		HideSolutionNode = FALSE
	EndGlobalSection
	GlobalSection(NestedProjects) = preSolution
		{5BE4ADA6-E8D4-475D-ADF8-1D8B8A6E99B5} = {827E0CD3-B72D-47B6-A68D-7590B98EB39B}
		{FB9F0530-B692-41D5-B896-4536230D09CB} = {827E0CD3-B72D-47B6-A68D-7590B98EB39B}
		{A882EB4F-B7DF-4ABD-894F-296F96F0591F} = {827E0CD3-B72D-47B6-A68D-7590B98EB39B}
		{DEBE60EB-0A98-4D8C-8998-1900671A5123} = {827E0CD3-B72D-47B6-A68D-7590B98EB39B}
		{B400EFC6-8BC2-4112-B128-12DB27F0F8D0} = {827E0CD3-B72D-47B6-A68D-7590B98EB39B}
		{E26AA722-FA70-49AC-96AA-6B119A386921} = {0AB3BF05-4346-4AA6-1389-037BE0695223}
		{DC057034-A2B1-4CA2-82BB-69FF0C5011FC} = {0AB3BF05-4346-4AA6-1389-037BE0695223}
		{C1A2B3D4-E5F6-7890-ABCD-111111111111} = {F1A2B3C4-D5E6-7890-ABCD-EF1234567890}
		{C1A2B3D4-E5F6-7890-ABCD-222222222222} = {F1A2B3C4-D5E6-7890-ABCD-EF1234567890}
		{C1A2B3D4-E5F6-7890-ABCD-333333333333} = {F1A2B3C4-D5E6-7890-ABCD-EF1234567890}
		{C1A2B3D4-E5F6-7890-ABCD-444444444444} = {F1A2B3C4-D5E6-7890-ABCD-EF1234567890}
		{841179B5-CC46-4120-B1E1-CEBA0B6AE006} = {F1A2B3C4-D5E6-7890-ABCD-EF1234567890}
		{217205E9-052C-45FC-9A2D-716D69139144} = {F1A2B3C4-D5E6-7890-ABCD-EF1234567890}
		{F947FC81-2D54-41E4-80DC-C40C30B2E744} = {F1A2B3C4-D5E6-7890-ABCD-EF1234567890}
		{11E7DF12-BAFA-450B-97CD-94881C493EFC} = {F1A2B3C4-D5E6-7890-ABCD-EF1234567890}
		{8FB49F22-2207-4C7D-BEAB-2DE1D2F46BE6} = {F1A2B3C4-D5E6-7890-ABCD-EF1234567890}
		{35EEDBF8-1E82-4ED5-8FD8-450980925731} = {F1A2B3C4-D5E6-7890-ABCD-EF1234567890}
		{A0A4FEE5-ADF3-498B-8EE8-1F1517BE1B2C} = {F1A2B3C4-D5E6-7890-ABCD-EF1234567890}
		{98160BD9-D76A-4695-97C3-8FE9A498F985} = {F1A2B3C4-D5E6-7890-ABCD-EF1234567890}
		{83CC51E4-429D-451A-84AD-E2FC61533BC2} = {F1A2B3C4-D5E6-7890-ABCD-EF1234567890}
		{2D41B819-5BC6-475E-8B02-A1409CC32F8B} = {F1A2B3C4-D5E6-7890-ABCD-EF1234567890}
		{59E732FF-DD11-43FD-8D03-99D4DC2CD2CF} = {F1A2B3C4-D5E6-7890-ABCD-EF1234567890}
		{9F99F709-A5C6-48C2-8758-D6162345CA16} = {F1A2B3C4-D5E6-7890-ABCD-EF1234567890}
		{3EBA85A5-835A-4516-B2D6-290F36C4FF1D} = {F1A2B3C4-D5E6-7890-ABCD-EF1234567890}
		{3E4B2D85-EE86-4FA2-B96C-D56885CEB29D} = {827E0CD3-B72D-47B6-A68D-7590B98EB39B}
		{541A73C0-A40E-4BE3-AF06-5D10AD548533} = {F1A2B3C4-D5E6-7890-ABCD-EF1234567890}
		{A88C7B69-9C46-4A49-85C9-41575241F0D6} = {F1A2B3C4-D5E6-7890-ABCD-EF1234567890}
	EndGlobalSection
EndGlobal
