
Microsoft Visual Studio Solution File, Format Version 12.00
# Visual Studio Version 17
VisualStudioVersion = 17.0.31903.59
MinimumVisualStudioVersion = 10.0.40219.1
Project("{2150E333-8FDC-42A3-9474-1A3956D46DE8}") = "src", "src", "{827E0CD3-B72D-47B6-A68D-7590B98EB39B}"
EndProject
Project("{FAE04EC0-301F-11D3-BF4B-00C04F79EFBC}") = "OriginalCircuit.Altium", "src\OriginalCircuit.Altium\OriginalCircuit.Altium.csproj", "{5BE4ADA6-E8D4-475D-ADF8-1D8B8A6E99B5}"
EndProject
Project("{FAE04EC0-301F-11D3-BF4B-00C04F79EFBC}") = "OriginalCircuit.Altium.Generators", "src\OriginalCircuit.Altium.Generators\OriginalCircuit.Altium.Generators.csproj", "{FB9F0530-B692-41D5-B896-4536230D09CB}"
EndProject
Project("{FAE04EC0-301F-11D3-BF4B-00C04F79EFBC}") = "OriginalCircuit.Altium.Rendering.Core", "src\OriginalCircuit.Altium.Rendering.Core\OriginalCircuit.Altium.Rendering.Core.csproj", "{A882EB4F-B7DF-4ABD-894F-296F96F0591F}"
EndProject
Project("{FAE04EC0-301F-11D3-BF4B-00C04F79EFBC}") = "OriginalCircuit.Altium.Rendering.Raster", "src\OriginalCircuit.Altium.Rendering.Raster\OriginalCircuit.Altium.Rendering.Raster.csproj", "{DEBE60EB-0A98-4D8C-8998-1900671A5123}"
EndProject
Project("{FAE04EC0-301F-11D3-BF4B-00C04F79EFBC}") = "OriginalCircuit.Altium.Rendering.Svg", "src\OriginalCircuit.Altium.Rendering.Svg\OriginalCircuit.Altium.Rendering.Svg.csproj", "{B400EFC6-8BC2-4112-B128-12DB27F0F8D0}"
EndProject
Project("{2150E333-8FDC-42A3-9474-1A3956D46DE8}") = "tests", "tests", "{0AB3BF05-4346-4AA6-1389-037BE0695223}"
EndProject
Project("{FAE04EC0-301F-11D3-BF4B-00C04F79EFBC}") = "OriginalCircuit.Altium.Tests", "tests\OriginalCircuit.Altium.Tests\OriginalCircuit.Altium.Tests.csproj", "{E26AA722-FA70-49AC-96AA-6B119A386921}"
EndProject
Project("{FAE04EC0-301F-11D3-BF4B-00C04F79EFBC}") = "OriginalCircuit.Altium.Benchmarks", "tests\OriginalCircuit.Altium.Benchmarks\OriginalCircuit.Altium.Benchmarks.csproj", "{DC057034-A2B1-4CA2-82BB-69FF0C5011FC}"
EndProject
Project("{2150E333-8FDC-42A3-9474-1A3956D46DE8}") = "examples", "examples", "{F1A2B3C4-D5E6-7890-ABCD-EF1234567890}"
EndProject
Project("{FAE04EC0-301F-11D3-BF4B-00C04F79EFBC}") = "CreateFiles", "examples\CreateFiles\CreateFiles.csproj", "{C1A2B3D4-E5F6-7890-ABCD-111111111111}"
EndProject
Project("{FAE04EC0-301F-11D3-BF4B-00C04F79EFBC}") = "LoadFiles", "examples\LoadFiles\LoadFiles.csproj", "{C1A2B3D4-E5F6-7890-ABCD-222222222222}"
EndProject
Project("{FAE04EC0-301F-11D3-BF4B-00C04F79EFBC}") = "ModifyFiles", "examples\ModifyFiles\ModifyFiles.csproj", "{C1A2B3D4-E5F6-7890-ABCD-333333333333}"
EndProject
Project("{FAE04EC0-301F-11D3-BF4B-00C04F79EFBC}") = "RenderFiles", "examples\RenderFiles\RenderFiles.csproj", "{C1A2B3D4-E5F6-7890-ABCD-444444444444}"
EndProject
Global
	GlobalSection(SolutionConfigurationPlatforms) = preSolution
		Debug|Any CPU = Debug|Any CPU
		Release|Any CPU = Release|Any CPU
	EndGlobalSection
	GlobalSection(ProjectConfigurationPlatforms) = postSolution
		{5BE4ADA6-E8D4-475D-ADF8-1D8B8A6E99B5}.Debug|Any CPU.ActiveCfg = Debug|Any CPU
		{5BE4ADA6-E8D4-475D-ADF8-1D8B8A6E99B5}.Debug|Any CPU.Build.0 = Debug|Any CPU
		{5BE4ADA6-E8D4-475D-ADF8-1D8B8A6E99B5}.Release|Any CPU.ActiveCfg = Release|Any CPU
		{5BE4ADA6-E8D4-475D-ADF8-1D8B8A6E99B5}.Release|Any CPU.Build.0 = Release|Any CPU
		{FB9F0530-B692-41D5-B896-4536230D09CB}.Debug|Any CPU.ActiveCfg = Debug|Any CPU
		{FB9F0530-B692-41D5-B896-4536230D09CB}.Debug|Any CPU.Build.0 = Debug|Any CPU
		{FB9F0530-B692-41D5-B896-4536230D09CB}.Release|Any CPU.ActiveCfg = Release|Any CPU
		{FB9F0530-B692-41D5-B896-4536230D09CB}.Release|Any CPU.Build.0 = Release|Any CPU
		{A882EB4F-B7DF-4ABD-894F-296F96F0591F}.Debug|Any CPU.ActiveCfg = Debug|Any CPU
		{A882EB4F-B7DF-4ABD-894F-296F96F0591F}.Debug|Any CPU.Build.0 = Debug|Any CPU
		{A882EB4F-B7DF-4ABD-894F-296F96F0591F}.Release|Any CPU.ActiveCfg = Release|Any CPU
		{A882EB4F-B7DF-4ABD-894F-296F96F0591F}.Release|Any CPU.Build.0 = Release|Any CPU
		{DEBE60EB-0A98-4D8C-8998-1900671A5123}.Debug|Any CPU.ActiveCfg = Debug|Any CPU
		{DEBE60EB-0A98-4D8C-8998-1900671A5123}.Debug|Any CPU.Build.0 = Debug|Any CPU
		{DEBE60EB-0A98-4D8C-8998-1900671A5123}.Release|Any CPU.ActiveCfg = Release|Any CPU
		{DEBE60EB-0A98-4D8C-8998-1900671A5123}.Release|Any CPU.Build.0 = Release|Any CPU
		{B400EFC6-8BC2-4112-B128-12DB27F0F8D0}.Debug|Any CPU.ActiveCfg = Debug|Any CPU
		{B400EFC6-8BC2-4112-B128-12DB27F0F8D0}.Debug|Any CPU.Build.0 = Debug|Any CPU
		{B400EFC6-8BC2-4112-B128-12DB27F0F8D0}.Release|Any CPU.ActiveCfg = Release|Any CPU
		{B400EFC6-8BC2-4112-B128-12DB27F0F8D0}.Release|Any CPU.Build.0 = Release|Any CPU
		{E26AA722-FA70-49AC-96AA-6B119A386921}.Debug|Any CPU.ActiveCfg = Debug|Any CPU
		{E26AA722-FA70-49AC-96AA-6B119A386921}.Debug|Any CPU.Build.0 = Debug|Any CPU
		{E26AA722-FA70-49AC-96AA-6B119A386921}.Release|Any CPU.ActiveCfg = Release|Any CPU
		{E26AA722-FA70-49AC-96AA-6B119A386921}.Release|Any CPU.Build.0 = Release|Any CPU
		{DC057034-A2B1-4CA2-82BB-69FF0C5011FC}.Debug|Any CPU.ActiveCfg = Debug|Any CPU
		{DC057034-A2B1-4CA2-82BB-69FF0C5011FC}.Debug|Any CPU.Build.0 = Debug|Any CPU
		{DC057034-A2B1-4CA2-82BB-69FF0C5011FC}.Release|Any CPU.ActiveCfg = Release|Any CPU
		{DC057034-A2B1-4CA2-82BB-69FF0C5011FC}.Release|Any CPU.Build.0 = Release|Any CPU
		{C1A2B3D4-E5F6-7890-ABCD-111111111111}.Debug|Any CPU.ActiveCfg = Debug|Any CPU
		{C1A2B3D4-E5F6-7890-ABCD-111111111111}.Debug|Any CPU.Build.0 = Debug|Any CPU
		{C1A2B3D4-E5F6-7890-ABCD-111111111111}.Release|Any CPU.ActiveCfg = Release|Any CPU
		{C1A2B3D4-E5F6-7890-ABCD-111111111111}.Release|Any CPU.Build.0 = Release|Any CPU
		{C1A2B3D4-E5F6-7890-ABCD-222222222222}.Debug|Any CPU.ActiveCfg = Debug|Any CPU
		{C1A2B3D4-E5F6-7890-ABCD-222222222222}.Debug|Any CPU.Build.0 = Debug|Any CPU
		{C1A2B3D4-E5F6-7890-ABCD-222222222222}.Release|Any CPU.ActiveCfg = Release|Any CPU
		{C1A2B3D4-E5F6-7890-ABCD-222222222222}.Release|Any CPU.Build.0 = Release|Any CPU
		{C1A2B3D4-E5F6-7890-ABCD-333333333333}.Debug|Any CPU.ActiveCfg = Debug|Any CPU
		{C1A2B3D4-E5F6-7890-ABCD-333333333333}.Debug|Any CPU.Build.0 = Debug|Any CPU
		{C1A2B3D4-E5F6-7890-ABCD-333333333333}.Release|Any CPU.ActiveCfg = Release|Any CPU
		{C1A2B3D4-E5F6-7890-ABCD-333333333333}.Release|Any CPU.Build.0 = Release|Any CPU
		{C1A2B3D4-E5F6-7890-ABCD-444444444444}.Debug|Any CPU.ActiveCfg = Debug|Any CPU
		{C1A2B3D4-E5F6-7890-ABCD-444444444444}.Debug|Any CPU.Build.0 = Debug|Any CPU
		{C1A2B3D4-E5F6-7890-ABCD-444444444444}.Release|Any CPU.ActiveCfg = Release|Any CPU
		{C1A2B3D4-E5F6-7890-ABCD-444444444444}.Release|Any CPU.Build.0 = Release|Any CPU
	EndGlobalSection
	GlobalSection(SolutionProperties) = preSolution
		HideSolutionNode = FALSE
	EndGlobalSection
	GlobalSection(NestedProjects) = preSolution
		{5BE4ADA6-E8D4-475D-ADF8-1D8B8A6E99B5} = {827E0CD3-B72D-47B6-A68D-7590B98EB39B}
		{FB9F0530-B692-41D5-B896-4536230D09CB} = {827E0CD3-B72D-47B6-A68D-7590B98EB39B}
		{A882EB4F-B7DF-4ABD-894F-296F96F0591F} = {827E0CD3-B72D-47B6-A68D-7590B98EB39B}
		{DEBE60EB-0A98-4D8C-8998-1900671A5123} = {827E0CD3-B72D-47B6-A68D-7590B98EB39B}
		{B400EFC6-8BC2-4112-B128-12DB27F0F8D0} = {827E0CD3-B72D-47B6-A68D-7590B98EB39B}
		{E26AA722-FA70-49AC-96AA-6B119A386921} = {0AB3BF05-4346-4AA6-1389-037BE0695223}
		{DC057034-A2B1-4CA2-82BB-69FF0C5011FC} = {0AB3BF05-4346-4AA6-1389-037BE0695223}
		{C1A2B3D4-E5F6-7890-ABCD-111111111111} = {F1A2B3C4-D5E6-7890-ABCD-EF1234567890}
		{C1A2B3D4-E5F6-7890-ABCD-222222222222} = {F1A2B3C4-D5E6-7890-ABCD-EF1234567890}
		{C1A2B3D4-E5F6-7890-ABCD-333333333333} = {F1A2B3C4-D5E6-7890-ABCD-EF1234567890}
		{C1A2B3D4-E5F6-7890-ABCD-444444444444} = {F1A2B3C4-D5E6-7890-ABCD-EF1234567890}
	EndGlobalSection
EndGlobal
